// !$*UTF8*$!
{
	archiveVersion = 1;
	classes = {
	};
	objectVersion = 56;
	objects = {

/* Begin PBXBuildFile section */
		5D7CC3232D66206F009692EA /* ProductListView.swift in Sources */ = {isa = PBXBuildFile; fileRef = 5D7CC3222D66206F009692EA /* ProductListView.swift */; };
		5D7CC3252D6620B8009692EA /* ProductDetailView.swift in Sources */ = {isa = PBXBuildFile; fileRef = 5D7CC3242D6620B8009692EA /* ProductDetailView.swift */; };
		5D7CC3272D662160009692EA /* CartManager.swift in Sources */ = {isa = PBXBuildFile; fileRef = 5D7CC3262D662160009692EA /* CartManager.swift */; };
		5D7CC3292D6621C2009692EA /* CartView.swift in Sources */ = {isa = PBXBuildFile; fileRef = 5D7CC3282D6621C2009692EA /* CartView.swift */; };
		5D917EC02D6371750030CF07 /* online_shopApp.swift in Sources */ = {isa = PBXBuildFile; fileRef = 5D917EBF2D6371750030CF07 /* online_shopApp.swift */; };
		5D917EC22D6371750030CF07 /* ContentView.swift in Sources */ = {isa = PBXBuildFile; fileRef = 5D917EC12D6371750030CF07 /* ContentView.swift */; };
		5D917EC42D6371760030CF07 /* Assets.xcassets in Resources */ = {isa = PBXBuildFile; fileRef = 5D917EC32D6371760030CF07 /* Assets.xcassets */; };
		5D917EC72D6371760030CF07 /* Preview Assets.xcassets in Resources */ = {isa = PBXBuildFile; fileRef = 5D917EC62D6371760030CF07 /* Preview Assets.xcassets */; };
		5D917ED12D6371760030CF07 /* online_shopTests.swift in Sources */ = {isa = PBXBuildFile; fileRef = 5D917ED02D6371760030CF07 /* online_shopTests.swift */; };
		5D917EDB2D6371760030CF07 /* online_shopUITests.swift in Sources */ = {isa = PBXBuildFile; fileRef = 5D917EDA2D6371760030CF07 /* online_shopUITests.swift */; };
		5D917EDD2D6371760030CF07 /* online_shopUITestsLaunchTests.swift in Sources */ = {isa = PBXBuildFile; fileRef = 5D917EDC2D6371760030CF07 /* online_shopUITestsLaunchTests.swift */; };
		5D917EEA2D6394310030CF07 /* Product_Model.swift in Sources */ = {isa = PBXBuildFile; fileRef = 5D917EE92D6394310030CF07 /* Product_Model.swift */; };
/* End PBXBuildFile section */

/* Begin PBXContainerItemProxy section */
		5D917ECD2D6371760030CF07 /* PBXContainerItemProxy */ = {
			isa = PBXContainerItemProxy;
			containerPortal = 5D917EB42D6371750030CF07 /* Project object */;
			proxyType = 1;
			remoteGlobalIDString = 5D917EBB2D6371750030CF07;
			remoteInfo = online_shop;
		};
		5D917ED72D6371760030CF07 /* PBXContainerItemProxy */ = {
			isa = PBXContainerItemProxy;
			containerPortal = 5D917EB42D6371750030CF07 /* Project object */;
			proxyType = 1;
			remoteGlobalIDString = 5D917EBB2D6371750030CF07;
			remoteInfo = online_shop;
		};
/* End PBXContainerItemProxy section */

/* Begin PBXFileReference section */
		5D7CC3222D66206F009692EA /* ProductListView.swift */ = {isa = PBXFileReference; lastKnownFileType = sourcecode.swift; path = ProductListView.swift; sourceTree = "<group>"; };
		5D7CC3242D6620B8009692EA /* ProductDetailView.swift */ = {isa = PBXFileReference; lastKnownFileType = sourcecode.swift; path = ProductDetailView.swift; sourceTree = "<group>"; };
		5D7CC3262D662160009692EA /* CartManager.swift */ = {isa = PBXFileReference; lastKnownFileType = sourcecode.swift; path = CartManager.swift; sourceTree = "<group>"; };
		5D7CC3282D6621C2009692EA /* CartView.swift */ = {isa = PBXFileReference; lastKnownFileType = sourcecode.swift; path = CartView.swift; sourceTree = "<group>"; };
		5D917EBC2D6371750030CF07 /* online_shop.app */ = {isa = PBXFileReference; explicitFileType = wrapper.application; includeInIndex = 0; path = online_shop.app; sourceTree = BUILT_PRODUCTS_DIR; };
		5D917EBF2D6371750030CF07 /* online_shopApp.swift */ = {isa = PBXFileReference; lastKnownFileType = sourcecode.swift; path = online_shopApp.swift; sourceTree = "<group>"; };
		5D917EC12D6371750030CF07 /* ContentView.swift */ = {isa = PBXFileReference; lastKnownFileType = sourcecode.swift; path = ContentView.swift; sourceTree = "<group>"; };
		5D917EC32D6371760030CF07 /* Assets.xcassets */ = {isa = PBXFileReference; lastKnownFileType = folder.assetcatalog; path = Assets.xcassets; sourceTree = "<group>"; };
		5D917EC62D6371760030CF07 /* Preview Assets.xcassets */ = {isa = PBXFileReference; lastKnownFileType = folder.assetcatalog; path = "Preview Assets.xcassets"; sourceTree = "<group>"; };
		5D917ECC2D6371760030CF07 /* online_shopTests.xctest */ = {isa = PBXFileReference; explicitFileType = wrapper.cfbundle; includeInIndex = 0; path = online_shopTests.xctest; sourceTree = BUILT_PRODUCTS_DIR; };
		5D917ED02D6371760030CF07 /* online_shopTests.swift */ = {isa = PBXFileReference; lastKnownFileType = sourcecode.swift; path = online_shopTests.swift; sourceTree = "<group>"; };
		5D917ED62D6371760030CF07 /* online_shopUITests.xctest */ = {isa = PBXFileReference; explicitFileType = wrapper.cfbundle; includeInIndex = 0; path = online_shopUITests.xctest; sourceTree = BUILT_PRODUCTS_DIR; };
		5D917EDA2D6371760030CF07 /* online_shopUITests.swift */ = {isa = PBXFileReference; lastKnownFileType = sourcecode.swift; path = online_shopUITests.swift; sourceTree = "<group>"; };
		5D917EDC2D6371760030CF07 /* online_shopUITestsLaunchTests.swift */ = {isa = PBXFileReference; lastKnownFileType = sourcecode.swift; path = online_shopUITestsLaunchTests.swift; sourceTree = "<group>"; };
		5D917EE92D6394310030CF07 /* Product_Model.swift */ = {isa = PBXFileReference; lastKnownFileType = sourcecode.swift; path = Product_Model.swift; sourceTree = "<group>"; };
/* End PBXFileReference section */

/* Begin PBXFrameworksBuildPhase section */
		5D917EB92D6371750030CF07 /* Frameworks */ = {
			isa = PBXFrameworksBuildPhase;
			buildActionMask = 2147483647;
			files = (
			);
			runOnlyForDeploymentPostprocessing = 0;
		};
		5D917EC92D6371760030CF07 /* Frameworks */ = {
			isa = PBXFrameworksBuildPhase;
			buildActionMask = 2147483647;
			files = (
			);
			runOnlyForDeploymentPostprocessing = 0;
		};
		5D917ED32D6371760030CF07 /* Frameworks */ = {
			isa = PBXFrameworksBuildPhase;
			buildActionMask = 2147483647;
			files = (
			);
			runOnlyForDeploymentPostprocessing = 0;
		};
/* End PBXFrameworksBuildPhase section */

/* Begin PBXGroup section */
		5D917EB32D6371750030CF07 = {
			isa = PBXGroup;
			children = (
				5D917EBE2D6371750030CF07 /* online_shop */,
				5D917ECF2D6371760030CF07 /* online_shopTests */,
				5D917ED92D6371760030CF07 /* online_shopUITests */,
				5D917EBD2D6371750030CF07 /* Products */,
			);
			sourceTree = "<group>";
		};
		5D917EBD2D6371750030CF07 /* Products */ = {
			isa = PBXGroup;
			children = (
				5D917EBC2D6371750030CF07 /* online_shop.app */,
				5D917ECC2D6371760030CF07 /* online_shopTests.xctest */,
				5D917ED62D6371760030CF07 /* online_shopUITests.xctest */,
			);
			name = Products;
			sourceTree = "<group>";
		};
		5D917EBE2D6371750030CF07 /* online_shop */ = {
			isa = PBXGroup;
			children = (
				5D917EBF2D6371750030CF07 /* online_shopApp.swift */,
				5D917EC12D6371750030CF07 /* ContentView.swift */,
				5D917EE92D6394310030CF07 /* Product_Model.swift */,
				5D7CC3222D66206F009692EA /* ProductListView.swift */,
				5D7CC3242D6620B8009692EA /* ProductDetailView.swift */,
				5D7CC3282D6621C2009692EA /* CartView.swift */,
				5D7CC3262D662160009692EA /* CartManager.swift */,
				5D917EC32D6371760030CF07 /* Assets.xcassets */,
				5D917EC52D6371760030CF07 /* Preview Content */,
			);
			path = online_shop;
			sourceTree = "<group>";
		};
		5D917EC52D6371760030CF07 /* Preview Content */ = {
			isa = PBXGroup;
			children = (
				5D917EC62D6371760030CF07 /* Preview Assets.xcassets */,
			);
			path = "Preview Content";
			sourceTree = "<group>";
		};
		5D917ECF2D6371760030CF07 /* online_shopTests */ = {
			isa = PBXGroup;
			children = (
				5D917ED02D6371760030CF07 /* online_shopTests.swift */,
			);
			path = online_shopTests;
			sourceTree = "<group>";
		};
		5D917ED92D6371760030CF07 /* online_shopUITests */ = {
			isa = PBXGroup;
			children = (
				5D917EDA2D6371760030CF07 /* online_shopUITests.swift */,
				5D917EDC2D6371760030CF07 /* online_shopUITestsLaunchTests.swift */,
			);
			path = online_shopUITests;
			sourceTree = "<group>";
		};
/* End PBXGroup section */

/* Begin PBXNativeTarget section */
		5D917EBB2D6371750030CF07 /* online_shop */ = {
			isa = PBXNativeTarget;
			buildConfigurationList = 5D917EE02D6371760030CF07 /* Build configuration list for PBXNativeTarget "online_shop" */;
			buildPhases = (
				5D917EB82D6371750030CF07 /* Sources */,
				5D917EB92D6371750030CF07 /* Frameworks */,
				5D917EBA2D6371750030CF07 /* Resources */,
			);
			buildRules = (
			);
			dependencies = (
			);
			name = online_shop;
			productName = online_shop;
			productReference = 5D917EBC2D6371750030CF07 /* online_shop.app */;
			productType = "com.apple.product-type.application";
		};
		5D917ECB2D6371760030CF07 /* online_shopTests */ = {
			isa = PBXNativeTarget;
			buildConfigurationList = 5D917EE32D6371760030CF07 /* Build configuration list for PBXNativeTarget "online_shopTests" */;
			buildPhases = (
				5D917EC82D6371760030CF07 /* Sources */,
				5D917EC92D6371760030CF07 /* Frameworks */,
				5D917ECA2D6371760030CF07 /* Resources */,
			);
			buildRules = (
			);
			dependencies = (
				5D917ECE2D6371760030CF07 /* PBXTargetDependency */,
			);
			name = online_shopTests;
			productName = online_shopTests;
			productReference = 5D917ECC2D6371760030CF07 /* online_shopTests.xctest */;
			productType = "com.apple.product-type.bundle.unit-test";
		};
		5D917ED52D6371760030CF07 /* online_shopUITests */ = {
			isa = PBXNativeTarget;
			buildConfigurationList = 5D917EE62D6371760030CF07 /* Build configuration list for PBXNativeTarget "online_shopUITests" */;
			buildPhases = (
				5D917ED22D6371760030CF07 /* Sources */,
				5D917ED32D6371760030CF07 /* Frameworks */,
				5D917ED42D6371760030CF07 /* Resources */,
			);
			buildRules = (
			);
			dependencies = (
				5D917ED82D6371760030CF07 /* PBXTargetDependency */,
			);
			name = online_shopUITests;
			productName = online_shopUITests;
			productReference = 5D917ED62D6371760030CF07 /* online_shopUITests.xctest */;
			productType = "com.apple.product-type.bundle.ui-testing";
		};
/* End PBXNativeTarget section */

/* Begin PBXProject section */
		5D917EB42D6371750030CF07 /* Project object */ = {
			isa = PBXProject;
			attributes = {
				BuildIndependentTargetsInParallel = 1;
				LastSwiftUpdateCheck = 1530;
				LastUpgradeCheck = 1530;
				TargetAttributes = {
					5D917EBB2D6371750030CF07 = {
						CreatedOnToolsVersion = 15.3;
					};
					5D917ECB2D6371760030CF07 = {
						CreatedOnToolsVersion = 15.3;
						TestTargetID = 5D917EBB2D6371750030CF07;
					};
					5D917ED52D6371760030CF07 = {
						CreatedOnToolsVersion = 15.3;
						TestTargetID = 5D917EBB2D6371750030CF07;
					};
				};
			};
			buildConfigurationList = 5D917EB72D6371750030CF07 /* Build configuration list for PBXProject "online_shop" */;
			compatibilityVersion = "Xcode 14.0";
			developmentRegion = en;
			hasScannedForEncodings = 0;
			knownRegions = (
				en,
				Base,
			);
			mainGroup = 5D917EB32D6371750030CF07;
			productRefGroup = 5D917EBD2D6371750030CF07 /* Products */;
			projectDirPath = "";
			projectRoot = "";
			targets = (
				5D917EBB2D6371750030CF07 /* online_shop */,
				5D917ECB2D6371760030CF07 /* online_shopTests */,
				5D917ED52D6371760030CF07 /* online_shopUITests */,
			);
		};
/* End PBXProject section */

/* Begin PBXResourcesBuildPhase section */
		5D917EBA2D6371750030CF07 /* Resources */ = {
			isa = PBXResourcesBuildPhase;
			buildActionMask = 2147483647;
			files = (
				5D917EC72D6371760030CF07 /* Preview Assets.xcassets in Resources */,
				5D917EC42D6371760030CF07 /* Assets.xcassets in Resources */,
			);
			runOnlyForDeploymentPostprocessing = 0;
		};
		5D917ECA2D6371760030CF07 /* Resources */ = {
			isa = PBXResourcesBuildPhase;
			buildActionMask = 2147483647;
			files = (
			);
			runOnlyForDeploymentPostprocessing = 0;
		};
		5D917ED42D6371760030CF07 /* Resources */ = {
			isa = PBXResourcesBuildPhase;
			buildActionMask = 2147483647;
			files = (
			);
			runOnlyForDeploymentPostprocessing = 0;
		};
/* End PBXResourcesBuildPhase section */

/* Begin PBXSourcesBuildPhase section */
		5D917EB82D6371750030CF07 /* Sources */ = {
			isa = PBXSourcesBuildPhase;
			buildActionMask = 2147483647;
			files = (
				5D7CC3232D66206F009692EA /* ProductListView.swift in Sources */,
				5D7CC3292D6621C2009692EA /* CartView.swift in Sources */,
				5D7CC3272D662160009692EA /* CartManager.swift in Sources */,
				5D7CC3252D6620B8009692EA /* ProductDetailView.swift in Sources */,
				5D917EC22D6371750030CF07 /* ContentView.swift in Sources */,
				5D917EEA2D6394310030CF07 /* Product_Model.swift in Sources */,
				5D917EC02D6371750030CF07 /* online_shopApp.swift in Sources */,
			);
			runOnlyForDeploymentPostprocessing = 0;
		};
		5D917EC82D6371760030CF07 /* Sources */ = {
			isa = PBXSourcesBuildPhase;
			buildActionMask = 2147483647;
			files = (
				5D917ED12D6371760030CF07 /* online_shopTests.swift in Sources */,
			);
			runOnlyForDeploymentPostprocessing = 0;
		};
		5D917ED22D6371760030CF07 /* Sources */ = {
			isa = PBXSourcesBuildPhase;
			buildActionMask = 2147483647;
			files = (
				5D917EDB2D6371760030CF07 /* online_shopUITests.swift in Sources */,
				5D917EDD2D6371760030CF07 /* online_shopUITestsLaunchTests.swift in Sources */,
			);
			runOnlyForDeploymentPostprocessing = 0;
		};
/* End PBXSourcesBuildPhase section */

/* Begin PBXTargetDependency section */
		5D917ECE2D6371760030CF07 /* PBXTargetDependency */ = {
			isa = PBXTargetDependency;
			target = 5D917EBB2D6371750030CF07 /* online_shop */;
			targetProxy = 5D917ECD2D6371760030CF07 /* PBXContainerItemProxy */;
		};
		5D917ED82D6371760030CF07 /* PBXTargetDependency */ = {
			isa = PBXTargetDependency;
			target = 5D917EBB2D6371750030CF07 /* online_shop */;
			targetProxy = 5D917ED72D6371760030CF07 /* PBXContainerItemProxy */;
		};
/* End PBXTargetDependency section */

/* Begin XCBuildConfiguration section */
		5D917EDE2D6371760030CF07 /* Debug */ = {
			isa = XCBuildConfiguration;
			buildSettings = {
				ALWAYS_SEARCH_USER_PATHS = NO;
				ASSETCATALOG_COMPILER_GENERATE_SWIFT_ASSET_SYMBOL_EXTENSIONS = YES;
				CLANG_ANALYZER_NONNULL = YES;
				CLANG_ANALYZER_NUMBER_OBJECT_CONVERSION = YES_AGGRESSIVE;
				CLANG_CXX_LANGUAGE_STANDARD = "gnu++20";
				CLANG_ENABLE_MODULES = YES;
				CLANG_ENABLE_OBJC_ARC = YES;
				CLANG_ENABLE_OBJC_WEAK = YES;
				CLANG_WARN_BLOCK_CAPTURE_AUTORELEASING = YES;
				CLANG_WARN_BOOL_CONVERSION = YES;
				CLANG_WARN_COMMA = YES;
				CLANG_WARN_CONSTANT_CONVERSION = YES;
				CLANG_WARN_DEPRECATED_OBJC_IMPLEMENTATIONS = YES;
				CLANG_WARN_DIRECT_OBJC_ISA_USAGE = YES_ERROR;
				CLANG_WARN_DOCUMENTATION_COMMENTS = YES;
				CLANG_WARN_EMPTY_BODY = YES;
				CLANG_WARN_ENUM_CONVERSION = YES;
				CLANG_WARN_INFINITE_RECURSION = YES;
				CLANG_WARN_INT_CONVERSION = YES;
				CLANG_WARN_NON_LITERAL_NULL_CONVERSION = YES;
				CLANG_WARN_OBJC_IMPLICIT_RETAIN_SELF = YES;
				CLANG_WARN_OBJC_LITERAL_CONVERSION = YES;
				CLANG_WARN_OBJC_ROOT_CLASS = YES_ERROR;
				CLANG_WARN_QUOTED_INCLUDE_IN_FRAMEWORK_HEADER = YES;
				CLANG_WARN_RANGE_LOOP_ANALYSIS = YES;
				CLANG_WARN_STRICT_PROTOTYPES = YES;
				CLANG_WARN_SUSPICIOUS_MOVE = YES;
				CLANG_WARN_UNGUARDED_AVAILABILITY = YES_AGGRESSIVE;
				CLANG_WARN_UNREACHABLE_CODE = YES;
				CLANG_WARN__DUPLICATE_METHOD_MATCH = YES;
				COPY_PHASE_STRIP = NO;
				DEBUG_INFORMATION_FORMAT = dwarf;
				ENABLE_STRICT_OBJC_MSGSEND = YES;
				ENABLE_TESTABILITY = YES;
				ENABLE_USER_SCRIPT_SANDBOXING = YES;
				GCC_C_LANGUAGE_STANDARD = gnu17;
				GCC_DYNAMIC_NO_PIC = NO;
				GCC_NO_COMMON_BLOCKS = YES;
				GCC_OPTIMIZATION_LEVEL = 0;
				GCC_PREPROCESSOR_DEFINITIONS = (
					"DEBUG=1",
					"$(inherited)",
				);
				GCC_WARN_64_TO_32_BIT_CONVERSION = YES;
				GCC_WARN_ABOUT_RETURN_TYPE = YES_ERROR;
				GCC_WARN_UNDECLARED_SELECTOR = YES;
				GCC_WARN_UNINITIALIZED_AUTOS = YES_AGGRESSIVE;
				GCC_WARN_UNUSED_FUNCTION = YES;
				GCC_WARN_UNUSED_VARIABLE = YES;
				IPHONEOS_DEPLOYMENT_TARGET = 17.4;
				LOCALIZATION_PREFERS_STRING_CATALOGS = YES;
				MTL_ENABLE_DEBUG_INFO = INCLUDE_SOURCE;
				MTL_FAST_MATH = YES;
				ONLY_ACTIVE_ARCH = YES;
				SDKROOT = iphoneos;
				SWIFT_ACTIVE_COMPILATION_CONDITIONS = "DEBUG $(inherited)";
				SWIFT_OPTIMIZATION_LEVEL = "-Onone";
			};
			name = Debug;
		};
		5D917EDF2D6371760030CF07 /* Release */ = {
			isa = XCBuildConfiguration;
			buildSettings = {
				ALWAYS_SEARCH_USER_PATHS = NO;
				ASSETCATALOG_COMPILER_GENERATE_SWIFT_ASSET_SYMBOL_EXTENSIONS = YES;
				CLANG_ANALYZER_NONNULL = YES;
				CLANG_ANALYZER_NUMBER_OBJECT_CONVERSION = YES_AGGRESSIVE;
				CLANG_CXX_LANGUAGE_STANDARD = "gnu++20";
				CLANG_ENABLE_MODULES = YES;
				CLANG_ENABLE_OBJC_ARC = YES;
				CLANG_ENABLE_OBJC_WEAK = YES;
				CLANG_WARN_BLOCK_CAPTURE_AUTORELEASING = YES;
				CLANG_WARN_BOOL_CONVERSION = YES;
				CLANG_WARN_COMMA = YES;
				CLANG_WARN_CONSTANT_CONVERSION = YES;
				CLANG_WARN_DEPRECATED_OBJC_IMPLEMENTATIONS = YES;
				CLANG_WARN_DIRECT_OBJC_ISA_USAGE = YES_ERROR;
				CLANG_WARN_DOCUMENTATION_COMMENTS = YES;
				CLANG_WARN_EMPTY_BODY = YES;
				CLANG_WARN_ENUM_CONVERSION = YES;
				CLANG_WARN_INFINITE_RECURSION = YES;
				CLANG_WARN_INT_CONVERSION = YES;
				CLANG_WARN_NON_LITERAL_NULL_CONVERSION = YES;
				CLANG_WARN_OBJC_IMPLICIT_RETAIN_SELF = YES;
				CLANG_WARN_OBJC_LITERAL_CONVERSION = YES;
				CLANG_WARN_OBJC_ROOT_CLASS = YES_ERROR;
				CLANG_WARN_QUOTED_INCLUDE_IN_FRAMEWORK_HEADER = YES;
				CLANG_WARN_RANGE_LOOP_ANALYSIS = YES;
				CLANG_WARN_STRICT_PROTOTYPES = YES;
				CLANG_WARN_SUSPICIOUS_MOVE = YES;
				CLANG_WARN_UNGUARDED_AVAILABILITY = YES_AGGRESSIVE;
				CLANG_WARN_UNREACHABLE_CODE = YES;
				CLANG_WARN__DUPLICATE_METHOD_MATCH = YES;
				COPY_PHASE_STRIP = NO;
				DEBUG_INFORMATION_FORMAT = "dwarf-with-dsym";
				ENABLE_NS_ASSERTIONS = NO;
				ENABLE_STRICT_OBJC_MSGSEND = YES;
				ENABLE_USER_SCRIPT_SANDBOXING = YES;
				GCC_C_LANGUAGE_STANDARD = gnu17;
				GCC_NO_COMMON_BLOCKS = YES;
				GCC_WARN_64_TO_32_BIT_CONVERSION = YES;
				GCC_WARN_ABOUT_RETURN_TYPE = YES_ERROR;
				GCC_WARN_UNDECLARED_SELECTOR = YES;
				GCC_WARN_UNINITIALIZED_AUTOS = YES_AGGRESSIVE;
				GCC_WARN_UNUSED_FUNCTION = YES;
				GCC_WARN_UNUSED_VARIABLE = YES;
				IPHONEOS_DEPLOYMENT_TARGET = 17.4;
				LOCALIZATION_PREFERS_STRING_CATALOGS = YES;
				MTL_ENABLE_DEBUG_INFO = NO;
				MTL_FAST_MATH = YES;
				SDKROOT = iphoneos;
				SWIFT_COMPILATION_MODE = wholemodule;
				VALIDATE_PRODUCT = YES;
			};
			name = Release;
		};
		5D917EE12D6371760030CF07 /* Debug */ = {
			isa = XCBuildConfiguration;
			buildSettings = {
				ASSETCATALOG_COMPILER_APPICON_NAME = AppIcon;
				ASSETCATALOG_COMPILER_GLOBAL_ACCENT_COLOR_NAME = AccentColor;
				CODE_SIGN_STYLE = Automatic;
				CURRENT_PROJECT_VERSION = 1;
				DEVELOPMENT_ASSET_PATHS = "\"online_shop/Preview Content\"";
				DEVELOPMENT_TEAM = FLS8TGM3YW;
				ENABLE_PREVIEWS = YES;
				GENERATE_INFOPLIST_FILE = YES;
				INFOPLIST_KEY_UIApplicationSceneManifest_Generation = YES;
				INFOPLIST_KEY_UIApplicationSupportsIndirectInputEvents = YES;
				INFOPLIST_KEY_UILaunchScreen_Generation = YES;
				INFOPLIST_KEY_UISupportedInterfaceOrientations_iPad = "UIInterfaceOrientationPortrait UIInterfaceOrientationPortraitUpsideDown UIInterfaceOrientationLandscapeLeft UIInterfaceOrientationLandscapeRight";
				INFOPLIST_KEY_UISupportedInterfaceOrientations_iPhone = "UIInterfaceOrientationPortrait UIInterfaceOrientationLandscapeLeft UIInterfaceOrientationLandscapeRight";
				LD_RUNPATH_SEARCH_PATHS = (
					"$(inherited)",
					"@executable_path/Frameworks",
				);
				MARKETING_VERSION = 1.0;
				PRODUCT_BUNDLE_IDENTIFIER = "com.kejson.online-shop";
				PRODUCT_NAME = "$(TARGET_NAME)";
				SWIFT_EMIT_LOC_STRINGS = YES;
				SWIFT_VERSION = 5.0;
				TARGETED_DEVICE_FAMILY = "1,2";
			};
			name = Debug;
		};
		5D917EE22D6371760030CF07 /* Release */ = {
			isa = XCBuildConfiguration;
			buildSettings = {
				ASSETCATALOG_COMPILER_APPICON_NAME = AppIcon;
				ASSETCATALOG_COMPILER_GLOBAL_ACCENT_COLOR_NAME = AccentColor;
				CODE_SIGN_STYLE = Automatic;
				CURRENT_PROJECT_VERSION = 1;
				DEVELOPMENT_ASSET_PATHS = "\"online_shop/Preview Content\"";
				DEVELOPMENT_TEAM = FLS8TGM3YW;
				ENABLE_PREVIEWS = YES;
				GENERATE_INFOPLIST_FILE = YES;
				INFOPLIST_KEY_UIApplicationSceneManifest_Generation = YES;
				INFOPLIST_KEY_UIApplicationSupportsIndirectInputEvents = YES;
				INFOPLIST_KEY_UILaunchScreen_Generation = YES;
				INFOPLIST_KEY_UISupportedInterfaceOrientations_iPad = "UIInterfaceOrientationPortrait UIInterfaceOrientationPortraitUpsideDown UIInterfaceOrientationLandscapeLeft UIInterfaceOrientationLandscapeRight";
				INFOPLIST_KEY_UISupportedInterfaceOrientations_iPhone = "UIInterfaceOrientationPortrait UIInterfaceOrientationLandscapeLeft UIInterfaceOrientationLandscapeRight";
				LD_RUNPATH_SEARCH_PATHS = (
					"$(inherited)",
					"@executable_path/Frameworks",
				);
				MARKETING_VERSION = 1.0;
				PRODUCT_BUNDLE_IDENTIFIER = "com.kejson.online-shop";
				PRODUCT_NAME = "$(TARGET_NAME)";
				SWIFT_EMIT_LOC_STRINGS = YES;
				SWIFT_VERSION = 5.0;
				TARGETED_DEVICE_FAMILY = "1,2";
			};
			name = Release;
		};
		5D917EE42D6371760030CF07 /* Debug */ = {
			isa = XCBuildConfiguration;
			buildSettings = {
				ALWAYS_EMBED_SWIFT_STANDARD_LIBRARIES = YES;
				BUNDLE_LOADER = "$(TEST_HOST)";
				CODE_SIGN_STYLE = Automatic;
				CURRENT_PROJECT_VERSION = 1;
				DEVELOPMENT_TEAM = FLS8TGM3YW;
				GENERATE_INFOPLIST_FILE = YES;
				IPHONEOS_DEPLOYMENT_TARGET = 17.4;
				MARKETING_VERSION = 1.0;
				PRODUCT_BUNDLE_IDENTIFIER = "com.kejson.online-shopTests";
				PRODUCT_NAME = "$(TARGET_NAME)";
				SWIFT_EMIT_LOC_STRINGS = NO;
				SWIFT_VERSION = 5.0;
				TARGETED_DEVICE_FAMILY = "1,2";
				TEST_HOST = "$(BUILT_PRODUCTS_DIR)/online_shop.app/$(BUNDLE_EXECUTABLE_FOLDER_PATH)/online_shop";
			};
			name = Debug;
		};
		5D917EE52D6371760030CF07 /* Release */ = {
			isa = XCBuildConfiguration;
			buildSettings = {
				ALWAYS_EMBED_SWIFT_STANDARD_LIBRARIES = YES;
				BUNDLE_LOADER = "$(TEST_HOST)";
				CODE_SIGN_STYLE = Automatic;
				CURRENT_PROJECT_VERSION = 1;
				DEVELOPMENT_TEAM = FLS8TGM3YW;
				GENERATE_INFOPLIST_FILE = YES;
				IPHONEOS_DEPLOYMENT_TARGET = 17.4;
				MARKETING_VERSION = 1.0;
				PRODUCT_BUNDLE_IDENTIFIER = "com.kejson.online-shopTests";
				PRODUCT_NAME = "$(TARGET_NAME)";
				SWIFT_EMIT_LOC_STRINGS = NO;
				SWIFT_VERSION = 5.0;
				TARGETED_DEVICE_FAMILY = "1,2";
				TEST_HOST = "$(BUILT_PRODUCTS_DIR)/online_shop.app/$(BUNDLE_EXECUTABLE_FOLDER_PATH)/online_shop";
			};
			name = Release;
		};
		5D917EE72D6371760030CF07 /* Debug */ = {
			isa = XCBuildConfiguration;
			buildSettings = {
				ALWAYS_EMBED_SWIFT_STANDARD_LIBRARIES = YES;
				CODE_SIGN_STYLE = Automatic;
				CURRENT_PROJECT_VERSION = 1;
				DEVELOPMENT_TEAM = FLS8TGM3YW;
				GENERATE_INFOPLIST_FILE = YES;
				MARKETING_VERSION = 1.0;
				PRODUCT_BUNDLE_IDENTIFIER = "com.kejson.online-shopUITests";
				PRODUCT_NAME = "$(TARGET_NAME)";
				SWIFT_EMIT_LOC_STRINGS = NO;
				SWIFT_VERSION = 5.0;
				TARGETED_DEVICE_FAMILY = "1,2";
				TEST_TARGET_NAME = online_shop;
			};
			name = Debug;
		};
		5D917EE82D6371760030CF07 /* Release */ = {
			isa = XCBuildConfiguration;
			buildSettings = {
				ALWAYS_EMBED_SWIFT_STANDARD_LIBRARIES = YES;
				CODE_SIGN_STYLE = Automatic;
				CURRENT_PROJECT_VERSION = 1;
				DEVELOPMENT_TEAM = FLS8TGM3YW;
				GENERATE_INFOPLIST_FILE = YES;
				MARKETING_VERSION = 1.0;
				PRODUCT_BUNDLE_IDENTIFIER = "com.kejson.online-shopUITests";
				PRODUCT_NAME = "$(TARGET_NAME)";
				SWIFT_EMIT_LOC_STRINGS = NO;
				SWIFT_VERSION = 5.0;
				TARGETED_DEVICE_FAMILY = "1,2";
				TEST_TARGET_NAME = online_shop;
			};
			name = Release;
		};
/* End XCBuildConfiguration section */

/* Begin XCConfigurationList section */
		5D917EB72D6371750030CF07 /* Build configuration list for PBXProject "online_shop" */ = {
			isa = XCConfigurationList;
			buildConfigurations = (
				5D917EDE2D6371760030CF07 /* Debug */,
				5D917EDF2D6371760030CF07 /* Release */,
			);
			defaultConfigurationIsVisible = 0;
			defaultConfigurationName = Release;
		};
		5D917EE02D6371760030CF07 /* Build configuration list for PBXNativeTarget "online_shop" */ = {
			isa = XCConfigurationList;
			buildConfigurations = (
				5D917EE12D6371760030CF07 /* Debug */,
				5D917EE22D6371760030CF07 /* Release */,
			);
			defaultConfigurationIsVisible = 0;
			defaultConfigurationName = Release;
		};
		5D917EE32D6371760030CF07 /* Build configuration list for PBXNativeTarget "online_shopTests" */ = {
			isa = XCConfigurationList;
			buildConfigurations = (
				5D917EE42D6371760030CF07 /* Debug */,
				5D917EE52D6371760030CF07 /* Release */,
			);
			defaultConfigurationIsVisible = 0;
			defaultConfigurationName = Release;
		};
		5D917EE62D6371760030CF07 /* Build configuration list for PBXNativeTarget "online_shopUITests" */ = {
			isa = XCConfigurationList;
			buildConfigurations = (
				5D917EE72D6371760030CF07 /* Debug */,
				5D917EE82D6371760030CF07 /* Release */,
			);
			defaultConfigurationIsVisible = 0;
			defaultConfigurationName = Release;
		};
/* End XCConfigurationList section */
	};
	rootObject = 5D917EB42D6371750030CF07 /* Project object */;
}
